// !$*UTF8*$!
{
	archiveVersion = 1;
	classes = {
	};
	objectVersion = 77;
	objects = {

/* Begin PBXContainerItemProxy section */
		13C6EA5730309C7500CFEA05 /* PBXContainerItemProxy */ = {
			isa = PBXContainerItemProxy;
			containerPortal = 13C6EA4130309C7400CFEA05 /* Project object */;
			proxyType = 1;
			remoteGlobalIDString = 13C6EA4830309C7400CFEA05;
			remoteInfo = QuickAppRuntimeIOS;
		};
		13C6EA6130309C7600CFEA05 /* PBXContainerItemProxy */ = {
			isa = PBXContainerItemProxy;
			containerPortal = 13C6EA4130309C7400CFEA05 /* Project object */;
			proxyType = 1;
			remoteGlobalIDString = 13C6EA4830309C7400CFEA05;
			remoteInfo = QuickAppRuntimeIOS;
		};
/* End PBXContainerItemProxy section */

/* Begin PBXFileReference section */
		13C6EA4930309C7400CFEA05 /* QuickAppRuntimeIOS.app */ = {isa = PBXFileReference; explicitFileType = wrapper.application; includeInIndex = 0; path = QuickAppRuntimeIOS.app; sourceTree = BUILT_PRODUCTS_DIR; };
		13C6EA5630309C7500CFEA05 /* QuickAppRuntimeIOSTests.xctest */ = {isa = PBXFileReference; explicitFileType = wrapper.cfbundle; includeInIndex = 0; path = QuickAppRuntimeIOSTests.xctest; sourceTree = BUILT_PRODUCTS_DIR; };
		13C6EA6030309C7600CFEA05 /* QuickAppRuntimeIOSUITests.xctest */ = {isa = PBXFileReference; explicitFileType = wrapper.cfbundle; includeInIndex = 0; path = QuickAppRuntimeIOSUITests.xctest; sourceTree = BUILT_PRODUCTS_DIR; };
/* End PBXFileReference section */

/* Begin PBXFileSystemSynchronizedRootGroup section */
		13C6EA4B30309C7400CFEA05 /* QuickAppRuntimeIOS */ = {
			isa = PBXFileSystemSynchronizedRootGroup;
			path = QuickAppRuntimeIOS;
			sourceTree = "<group>";
		};
		13C6EA5930309C7500CFEA05 /* QuickAppRuntimeIOSTests */ = {
			isa = PBXFileSystemSynchronizedRootGroup;
			path = QuickAppRuntimeIOSTests;
			sourceTree = "<group>";
		};
		13C6EA6330309C7600CFEA05 /* QuickAppRuntimeIOSUITests */ = {
			isa = PBXFileSystemSynchronizedRootGroup;
			path = QuickAppRuntimeIOSUITests;
			sourceTree = "<group>";
		};
/* End PBXFileSystemSynchronizedRootGroup section */

/* Begin PBXFrameworksBuildPhase section */
		13C6EA4630309C7400CFEA05 /* Frameworks */ = {
			isa = PBXFrameworksBuildPhase;
			buildActionMask = 2147483647;
			files = (
			);
			runOnlyForDeploymentPostprocessing = 0;
		};
		13C6EA5330309C7500CFEA05 /* Frameworks */ = {
			isa = PBXFrameworksBuildPhase;
			buildActionMask = 2147483647;
			files = (
			);
			runOnlyForDeploymentPostprocessing = 0;
		};
		13C6EA5D30309C7600CFEA05 /* Frameworks */ = {
			isa = PBXFrameworksBuildPhase;
			buildActionMask = 2147483647;
			files = (
			);
			runOnlyForDeploymentPostprocessing = 0;
		};
/* End PBXFrameworksBuildPhase section */

/* Begin PBXGroup section */
		13C6EA4030309C7400CFEA05 = {
			isa = PBXGroup;
			children = (
				13C6EA4B30309C7400CFEA05 /* QuickAppRuntimeIOS */,
				13C6EA5930309C7500CFEA05 /* QuickAppRuntimeIOSTests */,
				13C6EA6330309C7600CFEA05 /* QuickAppRuntimeIOSUITests */,
				13C6EA4A30309C7400CFEA05 /* Products */,
			);
			sourceTree = "<group>";
		};
		13C6EA4A30309C7400CFEA05 /* Products */ = {
			isa = PBXGroup;
			children = (
				13C6EA4930309C7400CFEA05 /* QuickAppRuntimeIOS.app */,
				13C6EA5630309C7500CFEA05 /* QuickAppRuntimeIOSTests.xctest */,
				13C6EA6030309C7600CFEA05 /* QuickAppRuntimeIOSUITests.xctest */,
			);
			name = Products;
			sourceTree = "<group>";
		};
/* End PBXGroup section */

/* Begin PBXNativeTarget section */
		13C6EA4830309C7400CFEA05 /* QuickAppRuntimeIOS */ = {
			isa = PBXNativeTarget;
			buildConfigurationList = 13C6EA6A30309C7600CFEA05 /* Build configuration list for PBXNativeTarget "QuickAppRuntimeIOS" */;
			buildPhases = (
				13C6EA4530309C7400CFEA05 /* Sources */,
				13C6EA4630309C7400CFEA05 /* Frameworks */,
				13C6EA4730309C7400CFEA05 /* Resources */,
				13C6EA7330309C7600CFEA05 /* Bundle RPK Catalog */,
			);
			buildRules = (
			);
			dependencies = (
			);
			fileSystemSynchronizedGroups = (
				13C6EA4B30309C7400CFEA05 /* QuickAppRuntimeIOS */,
			);
			name = QuickAppRuntimeIOS;
			packageProductDependencies = (
			);
			productName = QuickAppRuntimeIOS;
			productReference = 13C6EA4930309C7400CFEA05 /* QuickAppRuntimeIOS.app */;
			productType = "com.apple.product-type.application";
		};
		13C6EA5530309C7500CFEA05 /* QuickAppRuntimeIOSTests */ = {
			isa = PBXNativeTarget;
			buildConfigurationList = 13C6EA6D30309C7600CFEA05 /* Build configuration list for PBXNativeTarget "QuickAppRuntimeIOSTests" */;
			buildPhases = (
				13C6EA5230309C7500CFEA05 /* Sources */,
				13C6EA5330309C7500CFEA05 /* Frameworks */,
				13C6EA5430309C7500CFEA05 /* Resources */,
			);
			buildRules = (
			);
			dependencies = (
				13C6EA5830309C7500CFEA05 /* PBXTargetDependency */,
			);
			fileSystemSynchronizedGroups = (
				13C6EA5930309C7500CFEA05 /* QuickAppRuntimeIOSTests */,
			);
			name = QuickAppRuntimeIOSTests;
			packageProductDependencies = (
			);
			productName = QuickAppRuntimeIOSTests;
			productReference = 13C6EA5630309C7500CFEA05 /* QuickAppRuntimeIOSTests.xctest */;
			productType = "com.apple.product-type.bundle.unit-test";
		};
		13C6EA5F30309C7600CFEA05 /* QuickAppRuntimeIOSUITests */ = {
			isa = PBXNativeTarget;
			buildConfigurationList = 13C6EA7030309C7600CFEA05 /* Build configuration list for PBXNativeTarget "QuickAppRuntimeIOSUITests" */;
			buildPhases = (
				13C6EA5C30309C7600CFEA05 /* Sources */,
				13C6EA5D30309C7600CFEA05 /* Frameworks */,
				13C6EA5E30309C7600CFEA05 /* Resources */,
			);
			buildRules = (
			);
			dependencies = (
				13C6EA6230309C7600CFEA05 /* PBXTargetDependency */,
			);
			fileSystemSynchronizedGroups = (
				13C6EA6330309C7600CFEA05 /* QuickAppRuntimeIOSUITests */,
			);
			name = QuickAppRuntimeIOSUITests;
			packageProductDependencies = (
			);
			productName = QuickAppRuntimeIOSUITests;
			productReference = 13C6EA6030309C7600CFEA05 /* QuickAppRuntimeIOSUITests.xctest */;
			productType = "com.apple.product-type.bundle.ui-testing";
		};
/* End PBXNativeTarget section */

/* Begin PBXProject section */
		13C6EA4130309C7400CFEA05 /* Project object */ = {
			isa = PBXProject;
			attributes = {
				BuildIndependentTargetsInParallel = 1;
				LastSwiftUpdateCheck = 2660;
				LastUpgradeCheck = 2660;
				TargetAttributes = {
					13C6EA4830309C7400CFEA05 = {
						CreatedOnToolsVersion = 26.6;
					};
					13C6EA5530309C7500CFEA05 = {
						CreatedOnToolsVersion = 26.6;
						TestTargetID = 13C6EA4830309C7400CFEA05;
					};
					13C6EA5F30309C7600CFEA05 = {
						CreatedOnToolsVersion = 26.6;
						TestTargetID = 13C6EA4830309C7400CFEA05;
					};
				};
			};
			buildConfigurationList = 13C6EA4430309C7400CFEA05 /* Build configuration list for PBXProject "QuickAppRuntimeIOS" */;
			developmentRegion = en;
			hasScannedForEncodings = 0;
			knownRegions = (
				en,
				Base,
			);
			mainGroup = 13C6EA4030309C7400CFEA05;
			minimizedProjectReferenceProxies = 1;
			preferredProjectObjectVersion = 77;
			productRefGroup = 13C6EA4A30309C7400CFEA05 /* Products */;
			projectDirPath = "";
			projectRoot = "";
			targets = (
				13C6EA4830309C7400CFEA05 /* QuickAppRuntimeIOS */,
				13C6EA5530309C7500CFEA05 /* QuickAppRuntimeIOSTests */,
				13C6EA5F30309C7600CFEA05 /* QuickAppRuntimeIOSUITests */,
			);
		};
/* End PBXProject section */

/* Begin PBXResourcesBuildPhase section */
		13C6EA4730309C7400CFEA05 /* Resources */ = {
			isa = PBXResourcesBuildPhase;
			buildActionMask = 2147483647;
			files = (
			);
			runOnlyForDeploymentPostprocessing = 0;
		};
		13C6EA5430309C7500CFEA05 /* Resources */ = {
			isa = PBXResourcesBuildPhase;
			buildActionMask = 2147483647;
			files = (
			);
			runOnlyForDeploymentPostprocessing = 0;
		};
		13C6EA5E30309C7600CFEA05 /* Resources */ = {
			isa = PBXResourcesBuildPhase;
			buildActionMask = 2147483647;
			files = (
			);
			runOnlyForDeploymentPostprocessing = 0;
		};
/* End PBXResourcesBuildPhase section */

/* Begin PBXSourcesBuildPhase section */
		13C6EA4530309C7400CFEA05 /* Sources */ = {
			isa = PBXSourcesBuildPhase;
			buildActionMask = 2147483647;
			files = (
			);
			runOnlyForDeploymentPostprocessing = 0;
		};
		13C6EA5230309C7500CFEA05 /* Sources */ = {
			isa = PBXSourcesBuildPhase;
			buildActionMask = 2147483647;
			files = (
			);
			runOnlyForDeploymentPostprocessing = 0;
		};
		13C6EA5C30309C7600CFEA05 /* Sources */ = {
			isa = PBXSourcesBuildPhase;
			buildActionMask = 2147483647;
			files = (
			);
			runOnlyForDeploymentPostprocessing = 0;
		};
/* End PBXSourcesBuildPhase section */

/* Begin PBXShellScriptBuildPhase section */
		13C6EA7330309C7600CFEA05 /* Bundle RPK Catalog */ = {
			isa = PBXShellScriptBuildPhase;
			buildActionMask = 2147483647;
			files = (
			);
			name = "Bundle RPK Catalog";
			outputPaths = (
			);
			runOnlyForDeploymentPostprocessing = 0;
			shellPath = /bin/sh;
			shellScript = "set -eu\nBUNDLE=\"${TARGET_BUILD_DIR}/${UNLOCALIZED_RESOURCES_FOLDER_PATH}\"\nmkdir -p \"${BUNDLE}\"\nfor ROOT in \"${SRCROOT}/../../quickapp-toolkit/evidence\" \"${SRCROOT}/../../quickapp-examples/showcases\"; do\n  if [ -d \"${ROOT}\" ]; then\n    find \"${ROOT}\" -type f -name '*.rpk' -exec cp -f {} \"${BUNDLE}/\" \\;\n  fi\ndone\n";
		};
/* End PBXShellScriptBuildPhase section */

/* Begin PBXTargetDependency section */
		13C6EA5830309C7500CFEA05 /* PBXTargetDependency */ = {
			isa = PBXTargetDependency;
			target = 13C6EA4830309C7400CFEA05 /* QuickAppRuntimeIOS */;
			targetProxy = 13C6EA5730309C7500CFEA05 /* PBXContainerItemProxy */;
		};
		13C6EA6230309C7600CFEA05 /* PBXTargetDependency */ = {
			isa = PBXTargetDependency;
			target = 13C6EA4830309C7400CFEA05 /* QuickAppRuntimeIOS */;
			targetProxy = 13C6EA6130309C7600CFEA05 /* PBXContainerItemProxy */;
		};
/* End PBXTargetDependency section */

/* Begin XCBuildConfiguration section */
		13C6EA6830309C7600CFEA05 /* Debug */ = {
			isa = XCBuildConfiguration;
			buildSettings = {
				ALWAYS_SEARCH_USER_PATHS = NO;
				ASSETCATALOG_COMPILER_GENERATE_SWIFT_ASSET_SYMBOL_EXTENSIONS = YES;
				CLANG_ANALYZER_NONNULL = YES;
				CLANG_ANALYZER_NUMBER_OBJECT_CONVERSION = YES_AGGRESSIVE;
				CLANG_CXX_LANGUAGE_STANDARD = "gnu++20";
				CLANG_ENABLE_MODULES = YES;
				CLANG_ENABLE_OBJC_ARC = YES;
				CLANG_ENABLE_OBJC_WEAK = YES;
				CLANG_WARN_BLOCK_CAPTURE_AUTORELEASING = YES;
				CLANG_WARN_BOOL_CONVERSION = YES;
				CLANG_WARN_COMMA = YES;
				CLANG_WARN_CONSTANT_CONVERSION = YES;
				CLANG_WARN_DEPRECATED_OBJC_IMPLEMENTATIONS = YES;
				CLANG_WARN_DIRECT_OBJC_ISA_USAGE = YES_ERROR;
				CLANG_WARN_DOCUMENTATION_COMMENTS = YES;
				CLANG_WARN_EMPTY_BODY = YES;
				CLANG_WARN_ENUM_CONVERSION = YES;
				CLANG_WARN_INFINITE_RECURSION = YES;
				CLANG_WARN_INT_CONVERSION = YES;
				CLANG_WARN_NON_LITERAL_NULL_CONVERSION = YES;
				CLANG_WARN_OBJC_IMPLICIT_RETAIN_SELF = YES;
				CLANG_WARN_OBJC_LITERAL_CONVERSION = YES;
				CLANG_WARN_OBJC_ROOT_CLASS = YES_ERROR;
				CLANG_WARN_QUOTED_INCLUDE_IN_FRAMEWORK_HEADER = YES;
				CLANG_WARN_RANGE_LOOP_ANALYSIS = YES;
				CLANG_WARN_STRICT_PROTOTYPES = YES;
				CLANG_WARN_SUSPICIOUS_MOVE = YES;
				CLANG_WARN_UNGUARDED_AVAILABILITY = YES_AGGRESSIVE;
				CLANG_WARN_UNREACHABLE_CODE = YES;
				CLANG_WARN__DUPLICATE_METHOD_MATCH = YES;
				COPY_PHASE_STRIP = NO;
				DEBUG_INFORMATION_FORMAT = dwarf;
				ENABLE_STRICT_OBJC_MSGSEND = YES;
				ENABLE_TESTABILITY = YES;
				ENABLE_USER_SCRIPT_SANDBOXING = YES;
				GCC_C_LANGUAGE_STANDARD = gnu17;
				GCC_DYNAMIC_NO_PIC = NO;
				GCC_NO_COMMON_BLOCKS = YES;
				GCC_OPTIMIZATION_LEVEL = 0;
				GCC_PREPROCESSOR_DEFINITIONS = (
					"DEBUG=1",
					"$(inherited)",
				);
				GCC_WARN_64_TO_32_BIT_CONVERSION = YES;
				GCC_WARN_ABOUT_RETURN_TYPE = YES_ERROR;
				GCC_WARN_UNDECLARED_SELECTOR = YES;
				GCC_WARN_UNINITIALIZED_AUTOS = YES_AGGRESSIVE;
				GCC_WARN_UNUSED_FUNCTION = YES;
				GCC_WARN_UNUSED_VARIABLE = YES;
				IPHONEOS_DEPLOYMENT_TARGET = 26.5;
				LOCALIZATION_PREFERS_STRING_CATALOGS = YES;
				MTL_ENABLE_DEBUG_INFO = INCLUDE_SOURCE;
				MTL_FAST_MATH = YES;
				ONLY_ACTIVE_ARCH = YES;
				SDKROOT = iphoneos;
				SWIFT_ACTIVE_COMPILATION_CONDITIONS = "DEBUG $(inherited)";
				SWIFT_OPTIMIZATION_LEVEL = "-Onone";
			};
			name = Debug;
		};
		13C6EA6930309C7600CFEA05 /* Release */ = {
			isa = XCBuildConfiguration;
			buildSettings = {
				ALWAYS_SEARCH_USER_PATHS = NO;
				ASSETCATALOG_COMPILER_GENERATE_SWIFT_ASSET_SYMBOL_EXTENSIONS = YES;
				CLANG_ANALYZER_NONNULL = YES;
				CLANG_ANALYZER_NUMBER_OBJECT_CONVERSION = YES_AGGRESSIVE;
				CLANG_CXX_LANGUAGE_STANDARD = "gnu++20";
				CLANG_ENABLE_MODULES = YES;
				CLANG_ENABLE_OBJC_ARC = YES;
				CLANG_ENABLE_OBJC_WEAK = YES;
				CLANG_WARN_BLOCK_CAPTURE_AUTORELEASING = YES;
				CLANG_WARN_BOOL_CONVERSION = YES;
				CLANG_WARN_COMMA = YES;
				CLANG_WARN_CONSTANT_CONVERSION = YES;
				CLANG_WARN_DEPRECATED_OBJC_IMPLEMENTATIONS = YES;
				CLANG_WARN_DIRECT_OBJC_ISA_USAGE = YES_ERROR;
				CLANG_WARN_DOCUMENTATION_COMMENTS = YES;
				CLANG_WARN_EMPTY_BODY = YES;
				CLANG_WARN_ENUM_CONVERSION = YES;
				CLANG_WARN_INFINITE_RECURSION = YES;
				CLANG_WARN_INT_CONVERSION = YES;
				CLANG_WARN_NON_LITERAL_NULL_CONVERSION = YES;
				CLANG_WARN_OBJC_IMPLICIT_RETAIN_SELF = YES;
				CLANG_WARN_OBJC_LITERAL_CONVERSION = YES;
				CLANG_WARN_OBJC_ROOT_CLASS = YES_ERROR;
				CLANG_WARN_QUOTED_INCLUDE_IN_FRAMEWORK_HEADER = YES;
				CLANG_WARN_RANGE_LOOP_ANALYSIS = YES;
				CLANG_WARN_STRICT_PROTOTYPES = YES;
				CLANG_WARN_SUSPICIOUS_MOVE = YES;
				CLANG_WARN_UNGUARDED_AVAILABILITY = YES_AGGRESSIVE;
				CLANG_WARN_UNREACHABLE_CODE = YES;
				CLANG_WARN__DUPLICATE_METHOD_MATCH = YES;
				COPY_PHASE_STRIP = NO;
				DEBUG_INFORMATION_FORMAT = "dwarf-with-dsym";
				ENABLE_NS_ASSERTIONS = NO;
				ENABLE_STRICT_OBJC_MSGSEND = YES;
				ENABLE_USER_SCRIPT_SANDBOXING = YES;
				GCC_C_LANGUAGE_STANDARD = gnu17;
				GCC_NO_COMMON_BLOCKS = YES;
				GCC_WARN_64_TO_32_BIT_CONVERSION = YES;
				GCC_WARN_ABOUT_RETURN_TYPE = YES_ERROR;
				GCC_WARN_UNDECLARED_SELECTOR = YES;
				GCC_WARN_UNINITIALIZED_AUTOS = YES_AGGRESSIVE;
				GCC_WARN_UNUSED_FUNCTION = YES;
				GCC_WARN_UNUSED_VARIABLE = YES;
				IPHONEOS_DEPLOYMENT_TARGET = 26.5;
				LOCALIZATION_PREFERS_STRING_CATALOGS = YES;
				MTL_ENABLE_DEBUG_INFO = NO;
				MTL_FAST_MATH = YES;
				SDKROOT = iphoneos;
				SWIFT_COMPILATION_MODE = wholemodule;
				VALIDATE_PRODUCT = YES;
			};
			name = Release;
		};
		13C6EA6B30309C7600CFEA05 /* Debug */ = {
			isa = XCBuildConfiguration;
			buildSettings = {
				ARCHS = arm64;
				ASSETCATALOG_COMPILER_APPICON_NAME = AppIcon;
				ASSETCATALOG_COMPILER_GLOBAL_ACCENT_COLOR_NAME = AccentColor;
				CODE_SIGN_IDENTITY = "Apple Development";
				CODE_SIGN_STYLE = Automatic;
				CURRENT_PROJECT_VERSION = 1;
				DEVELOPMENT_TEAM = USLB7BU8KQ;
				ENABLE_PREVIEWS = YES;
				ENABLE_USER_SCRIPT_SANDBOXING = NO;
				FRAMEWORK_SEARCH_PATHS = (
					"$(inherited)",
				);
				LIBRARY_SEARCH_PATHS = (
					"$(inherited)",
					"$(PROJECT_DIR)/../dist/QuickAppKit.xcframework/ios-arm64-simulator",
				);
				HEADER_SEARCH_PATHS = (
					"$(inherited)",
					"$(PROJECT_DIR)/../dist/QuickAppKit.xcframework/ios-arm64-simulator/Headers",
				);
				OTHER_LDFLAGS = (
					"$(inherited)",
					"-lQuickAppKit",
					"-framework",
					UIKit,
					"-framework",
					Foundation,
					"-framework",
					AVFoundation,
					"-framework",
					AVKit,
					"-framework",
					CoreMedia,
					"-lc++",
					"-lz",
				);
				GENERATE_INFOPLIST_FILE = YES;
				INFOPLIST_KEY_UIApplicationSceneManifest_Generation = YES;
				INFOPLIST_KEY_UIApplicationSupportsIndirectInputEvents = YES;
				INFOPLIST_KEY_UILaunchScreen_Generation = YES;
				INFOPLIST_KEY_UISupportedInterfaceOrientations_iPad = "UIInterfaceOrientationPortrait UIInterfaceOrientationPortraitUpsideDown UIInterfaceOrientationLandscapeLeft UIInterfaceOrientationLandscapeRight";
				INFOPLIST_KEY_UISupportedInterfaceOrientations_iPhone = "UIInterfaceOrientationPortrait UIInterfaceOrientationLandscapeLeft UIInterfaceOrientationLandscapeRight";
				LD_RUNPATH_SEARCH_PATHS = (
					"$(inherited)",
					"@executable_path/Frameworks",
				);
				MARKETING_VERSION = 1.0;
				PRODUCT_BUNDLE_IDENTIFIER = dev.quickappkit.host;
				PRODUCT_NAME = QuickAppKitHost;
				PROVISIONING_PROFILE_SPECIFIER = "";
				STRING_CATALOG_GENERATE_SYMBOLS = YES;
				SWIFT_OBJC_BRIDGING_HEADER = "$(PROJECT_DIR)/QuickAppRuntimeIOS/QuickAppKitHost-Bridging-Header.h";
				SWIFT_APPROACHABLE_CONCURRENCY = YES;
				SWIFT_DEFAULT_ACTOR_ISOLATION = MainActor;
				SWIFT_EMIT_LOC_STRINGS = YES;
				SWIFT_UPCOMING_FEATURE_MEMBER_IMPORT_VISIBILITY = YES;
				SWIFT_VERSION = 5.0;
				TARGETED_DEVICE_FAMILY = "1,2";
			};
			name = Debug;
		};
		13C6EA6C30309C7600CFEA05 /* Release */ = {
			isa = XCBuildConfiguration;
			buildSettings = {
				ARCHS = arm64;
				ASSETCATALOG_COMPILER_APPICON_NAME = AppIcon;
				ASSETCATALOG_COMPILER_GLOBAL_ACCENT_COLOR_NAME = AccentColor;
				CODE_SIGN_STYLE = Automatic;
				CURRENT_PROJECT_VERSION = 1;
				DEVELOPMENT_TEAM = USLB7BU8KQ;
				ENABLE_PREVIEWS = YES;
				ENABLE_USER_SCRIPT_SANDBOXING = NO;
				FRAMEWORK_SEARCH_PATHS = (
					"$(inherited)",
				);
				LIBRARY_SEARCH_PATHS = (
					"$(inherited)",
					"$(PROJECT_DIR)/../dist/QuickAppKit.xcframework/ios-arm64",
				);
				HEADER_SEARCH_PATHS = (
					"$(inherited)",
					"$(PROJECT_DIR)/../dist/QuickAppKit.xcframework/ios-arm64/Headers",
				);
				OTHER_LDFLAGS = (
					"$(inherited)",
					"-lQuickAppKit",
					"-framework",
					UIKit,
					"-framework",
					Foundation,
					"-framework",
					AVFoundation,
					"-framework",
					AVKit,
					"-framework",
					CoreMedia,
					"-lc++",
					"-lz",
				);
				GENERATE_INFOPLIST_FILE = YES;
				INFOPLIST_KEY_UIApplicationSceneManifest_Generation = YES;
				INFOPLIST_KEY_UIApplicationSupportsIndirectInputEvents = YES;
				INFOPLIST_KEY_UILaunchScreen_Generation = YES;
				INFOPLIST_KEY_UISupportedInterfaceOrientations_iPad = "UIInterfaceOrientationPortrait UIInterfaceOrientationPortraitUpsideDown UIInterfaceOrientationLandscapeLeft UIInterfaceOrientationLandscapeRight";
				INFOPLIST_KEY_UISupportedInterfaceOrientations_iPhone = "UIInterfaceOrientationPortrait UIInterfaceOrientationLandscapeLeft UIInterfaceOrientationLandscapeRight";
				LD_RUNPATH_SEARCH_PATHS = (
					"$(inherited)",
					"@executable_path/Frameworks",
				);
				MARKETING_VERSION = 1.0;
				PRODUCT_BUNDLE_IDENTIFIER = dev.quickappkit.host;
				PRODUCT_NAME = QuickAppKitHost;
				STRING_CATALOG_GENERATE_SYMBOLS = YES;
				SWIFT_OBJC_BRIDGING_HEADER = "$(PROJECT_DIR)/QuickAppRuntimeIOS/QuickAppKitHost-Bridging-Header.h";
				SWIFT_APPROACHABLE_CONCURRENCY = YES;
				SWIFT_DEFAULT_ACTOR_ISOLATION = MainActor;
				SWIFT_EMIT_LOC_STRINGS = YES;
				SWIFT_UPCOMING_FEATURE_MEMBER_IMPORT_VISIBILITY = YES;
				SWIFT_VERSION = 5.0;
				TARGETED_DEVICE_FAMILY = "1,2";
			};
			name = Release;
		};
		13C6EA6E30309C7600CFEA05 /* Debug */ = {
			isa = XCBuildConfiguration;
			buildSettings = {
				BUNDLE_LOADER = "$(TEST_HOST)";
				CODE_SIGN_STYLE = Automatic;
				CURRENT_PROJECT_VERSION = 1;
				GENERATE_INFOPLIST_FILE = YES;
				IPHONEOS_DEPLOYMENT_TARGET = 26.5;
				MARKETING_VERSION = 1.0;
				PRODUCT_BUNDLE_IDENTIFIER = dev.quickappkit.QuickAppRuntimeIOSTests;
				PRODUCT_NAME = "$(TARGET_NAME)";
				STRING_CATALOG_GENERATE_SYMBOLS = NO;
				SWIFT_APPROACHABLE_CONCURRENCY = YES;
				SWIFT_EMIT_LOC_STRINGS = NO;
				SWIFT_UPCOMING_FEATURE_MEMBER_IMPORT_VISIBILITY = YES;
				SWIFT_VERSION = 5.0;
				TARGETED_DEVICE_FAMILY = "1,2";
				TEST_HOST = "$(BUILT_PRODUCTS_DIR)/QuickAppRuntimeIOS.app/$(BUNDLE_EXECUTABLE_FOLDER_PATH)/QuickAppRuntimeIOS";
			};
			name = Debug;
		};
		13C6EA6F30309C7600CFEA05 /* Release */ = {
			isa = XCBuildConfiguration;
			buildSettings = {
				BUNDLE_LOADER = "$(TEST_HOST)";
				CODE_SIGN_STYLE = Automatic;
				CURRENT_PROJECT_VERSION = 1;
				GENERATE_INFOPLIST_FILE = YES;
				IPHONEOS_DEPLOYMENT_TARGET = 26.5;
				MARKETING_VERSION = 1.0;
				PRODUCT_BUNDLE_IDENTIFIER = dev.quickappkit.QuickAppRuntimeIOSTests;
				PRODUCT_NAME = "$(TARGET_NAME)";
				STRING_CATALOG_GENERATE_SYMBOLS = NO;
				SWIFT_APPROACHABLE_CONCURRENCY = YES;
				SWIFT_EMIT_LOC_STRINGS = NO;
				SWIFT_UPCOMING_FEATURE_MEMBER_IMPORT_VISIBILITY = YES;
				SWIFT_VERSION = 5.0;
				TARGETED_DEVICE_FAMILY = "1,2";
				TEST_HOST = "$(BUILT_PRODUCTS_DIR)/QuickAppRuntimeIOS.app/$(BUNDLE_EXECUTABLE_FOLDER_PATH)/QuickAppRuntimeIOS";
			};
			name = Release;
		};
		13C6EA7130309C7600CFEA05 /* Debug */ = {
			isa = XCBuildConfiguration;
			buildSettings = {
				CODE_SIGN_STYLE = Automatic;
				CURRENT_PROJECT_VERSION = 1;
				GENERATE_INFOPLIST_FILE = YES;
				MARKETING_VERSION = 1.0;
				PRODUCT_BUNDLE_IDENTIFIER = dev.quickappkit.QuickAppRuntimeIOSUITests;
				PRODUCT_NAME = "$(TARGET_NAME)";
				STRING_CATALOG_GENERATE_SYMBOLS = NO;
				SWIFT_APPROACHABLE_CONCURRENCY = YES;
				SWIFT_EMIT_LOC_STRINGS = NO;
				SWIFT_UPCOMING_FEATURE_MEMBER_IMPORT_VISIBILITY = YES;
				SWIFT_VERSION = 5.0;
				TARGETED_DEVICE_FAMILY = "1,2";
				TEST_TARGET_NAME = QuickAppRuntimeIOS;
			};
			name = Debug;
		};
		13C6EA7230309C7600CFEA05 /* Release */ = {
			isa = XCBuildConfiguration;
			buildSettings = {
				CODE_SIGN_STYLE = Automatic;
				CURRENT_PROJECT_VERSION = 1;
				GENERATE_INFOPLIST_FILE = YES;
				MARKETING_VERSION = 1.0;
				PRODUCT_BUNDLE_IDENTIFIER = dev.quickappkit.QuickAppRuntimeIOSUITests;
				PRODUCT_NAME = "$(TARGET_NAME)";
				STRING_CATALOG_GENERATE_SYMBOLS = NO;
				SWIFT_APPROACHABLE_CONCURRENCY = YES;
				SWIFT_EMIT_LOC_STRINGS = NO;
				SWIFT_UPCOMING_FEATURE_MEMBER_IMPORT_VISIBILITY = YES;
				SWIFT_VERSION = 5.0;
				TARGETED_DEVICE_FAMILY = "1,2";
				TEST_TARGET_NAME = QuickAppRuntimeIOS;
			};
			name = Release;
		};
/* End XCBuildConfiguration section */

/* Begin XCConfigurationList section */
		13C6EA4430309C7400CFEA05 /* Build configuration list for PBXProject "QuickAppRuntimeIOS" */ = {
			isa = XCConfigurationList;
			buildConfigurations = (
				13C6EA6830309C7600CFEA05 /* Debug */,
				13C6EA6930309C7600CFEA05 /* Release */,
			);
			defaultConfigurationIsVisible = 0;
			defaultConfigurationName = Release;
		};
		13C6EA6A30309C7600CFEA05 /* Build configuration list for PBXNativeTarget "QuickAppRuntimeIOS" */ = {
			isa = XCConfigurationList;
			buildConfigurations = (
				13C6EA6B30309C7600CFEA05 /* Debug */,
				13C6EA6C30309C7600CFEA05 /* Release */,
			);
			defaultConfigurationIsVisible = 0;
			defaultConfigurationName = Release;
		};
		13C6EA6D30309C7600CFEA05 /* Build configuration list for PBXNativeTarget "QuickAppRuntimeIOSTests" */ = {
			isa = XCConfigurationList;
			buildConfigurations = (
				13C6EA6E30309C7600CFEA05 /* Debug */,
				13C6EA6F30309C7600CFEA05 /* Release */,
			);
			defaultConfigurationIsVisible = 0;
			defaultConfigurationName = Release;
		};
		13C6EA7030309C7600CFEA05 /* Build configuration list for PBXNativeTarget "QuickAppRuntimeIOSUITests" */ = {
			isa = XCConfigurationList;
			buildConfigurations = (
				13C6EA7130309C7600CFEA05 /* Debug */,
				13C6EA7230309C7600CFEA05 /* Release */,
			);
			defaultConfigurationIsVisible = 0;
			defaultConfigurationName = Release;
		};
/* End XCConfigurationList section */
	};
	rootObject = 13C6EA4130309C7400CFEA05 /* Project object */;
}
